
Microsoft Visual Studio Solution File, Format Version 12.00
# Visual Studio Version 17
VisualStudioVersion = 17.0.32126.317
MinimumVisualStudioVersion = 10.0.40219.1
Project("{FAE04EC0-301F-11D3-BF4B-00C04F79EFBC}") = "Lesson", "Lesson\Lesson.csproj", "{0B6AB89D-0F84-470B-83AC-E9C22AD96052}"
EndProject
Global
	GlobalSection(SolutionConfigurationPlatforms) = preSolution
		Debug|Any CPU = Debug|Any CPU
		Release|Any CPU = Release|Any CPU
	EndGlobalSection
	GlobalSection(ProjectConfigurationPlatforms) = postSolution
		{0B6AB89D-0F84-470B-83AC-E9C22AD96052}.Debug|Any CPU.ActiveCfg = Debug|Any CPU
		{0B6AB89D-0F84-470B-83AC-E9C22AD96052}.Debug|Any CPU.Build.0 = Debug|Any CPU
		{0B6AB89D-0F84-470B-83AC-E9C22AD96052}.Release|Any CPU.ActiveCfg = Release|Any CPU
		{0B6AB89D-0F84-470B-83AC-E9C22AD96052}.Release|Any CPU.Build.0 = Release|Any CPU
	EndGlobalSection
	GlobalSection(SolutionProperties) = preSolution
		HideSolutionNode = FALSE
	EndGlobalSection
	GlobalSection(ExtensibilityGlobals) = postSolution
		SolutionGuid = {77335990-D80B-4ED4-929B-0BB7A7D0FE9D}
	EndGlobalSection
EndGlobal
